
Microsoft Visual Studio Solution File, Format Version 12.00
# Visual Studio Version 17
VisualStudioVersion = 17.11.35208.52
MinimumVisualStudioVersion = 10.0.40219.1
Project("{9A19103F-16F7-4668-BE54-9A1E7A4F7556}") = "AjudAkiWeb", "AjudAkiWeb\AjudAkiWeb.csproj", "{5A340D1C-8191-4BA3-BAC6-D8F1B9B67E97}"
EndProject
Project("{9A19103F-16F7-4668-BE54-9A1E7A4F7556}") = "Core", "Core\Core.csproj", "{0374BB33-538F-4764-856A-FF59394385A6}"
EndProject
Project("{9A19103F-16F7-4668-BE54-9A1E7A4F7556}") = "Service", "Service\Service.csproj", "{B20ED290-4279-44B5-9346-3378021540FF}"
EndProject
Project("{FAE04EC0-301F-11D3-BF4B-00C04F79EFBC}") = "AjudAkiWebTests", "AjudAkiWebTests\AjudAkiWebTests.csproj", "{70AFFD94-5301-4D1A-AC42-C9CD118FD0C3}"
EndProject
Project("{FAE04EC0-301F-11D3-BF4B-00C04F79EFBC}") = "ServiceTests", "ServiceTests\ServiceTests.csproj", "{86544B3F-45F4-4CA4-B7CE-CB6A48455FC5}"
EndProject
Global
	GlobalSection(SolutionConfigurationPlatforms) = preSolution
		Debug|Any CPU = Debug|Any CPU
		Release|Any CPU = Release|Any CPU
	EndGlobalSection
	GlobalSection(ProjectConfigurationPlatforms) = postSolution
		{5A340D1C-8191-4BA3-BAC6-D8F1B9B67E97}.Debug|Any CPU.ActiveCfg = Debug|Any CPU
		{5A340D1C-8191-4BA3-BAC6-D8F1B9B67E97}.Debug|Any CPU.Build.0 = Debug|Any CPU
		{5A340D1C-8191-4BA3-BAC6-D8F1B9B67E97}.Release|Any CPU.ActiveCfg = Release|Any CPU
		{5A340D1C-8191-4BA3-BAC6-D8F1B9B67E97}.Release|Any CPU.Build.0 = Release|Any CPU
		{0374BB33-538F-4764-856A-FF59394385A6}.Debug|Any CPU.ActiveCfg = Debug|Any CPU
		{0374BB33-538F-4764-856A-FF59394385A6}.Debug|Any CPU.Build.0 = Debug|Any CPU
		{0374BB33-538F-4764-856A-FF59394385A6}.Release|Any CPU.ActiveCfg = Release|Any CPU
		{0374BB33-538F-4764-856A-FF59394385A6}.Release|Any CPU.Build.0 = Release|Any CPU
		{B20ED290-4279-44B5-9346-3378021540FF}.Debug|Any CPU.ActiveCfg = Debug|Any CPU
		{B20ED290-4279-44B5-9346-3378021540FF}.Debug|Any CPU.Build.0 = Debug|Any CPU
		{B20ED290-4279-44B5-9346-3378021540FF}.Release|Any CPU.ActiveCfg = Release|Any CPU
		{B20ED290-4279-44B5-9346-3378021540FF}.Release|Any CPU.Build.0 = Release|Any CPU
		{70AFFD94-5301-4D1A-AC42-C9CD118FD0C3}.Debug|Any CPU.ActiveCfg = Debug|Any CPU
		{70AFFD94-5301-4D1A-AC42-C9CD118FD0C3}.Debug|Any CPU.Build.0 = Debug|Any CPU
		{70AFFD94-5301-4D1A-AC42-C9CD118FD0C3}.Release|Any CPU.ActiveCfg = Release|Any CPU
		{70AFFD94-5301-4D1A-AC42-C9CD118FD0C3}.Release|Any CPU.Build.0 = Release|Any CPU
		{86544B3F-45F4-4CA4-B7CE-CB6A48455FC5}.Debug|Any CPU.ActiveCfg = Debug|Any CPU
		{86544B3F-45F4-4CA4-B7CE-CB6A48455FC5}.Debug|Any CPU.Build.0 = Debug|Any CPU
		{86544B3F-45F4-4CA4-B7CE-CB6A48455FC5}.Release|Any CPU.ActiveCfg = Release|Any CPU
		{86544B3F-45F4-4CA4-B7CE-CB6A48455FC5}.Release|Any CPU.Build.0 = Release|Any CPU
	EndGlobalSection
	GlobalSection(SolutionProperties) = preSolution
		HideSolutionNode = FALSE
	EndGlobalSection
	GlobalSection(ExtensibilityGlobals) = postSolution
		SolutionGuid = {9E26635C-A455-4DCF-BD2A-B61D297133E2}
	EndGlobalSection
EndGlobal
